
Microsoft Visual Studio Solution File, Format Version 12.00
# Visual Studio Version 16
VisualStudioVersion = 16.0.32802.440
MinimumVisualStudioVersion = 10.0.40219.1
Project("{FAE04EC0-301F-11D3-BF4B-00C04F79EFBC}") = "SQL - FİLM ARŞİVİ", "SQL - FİLM ARŞİVİ\SQL - FİLM ARŞİVİ.csproj", "{0E6D49F7-7C49-4550-8AF5-798E7EFF4341}"
EndProject
Global
	GlobalSection(SolutionConfigurationPlatforms) = preSolution
		Debug|Any CPU = Debug|Any CPU
		Release|Any CPU = Release|Any CPU
	EndGlobalSection
	GlobalSection(ProjectConfigurationPlatforms) = postSolution
		{0E6D49F7-7C49-4550-8AF5-798E7EFF4341}.Debug|Any CPU.ActiveCfg = Debug|Any CPU
		{0E6D49F7-7C49-4550-8AF5-798E7EFF4341}.Debug|Any CPU.Build.0 = Debug|Any CPU
		{0E6D49F7-7C49-4550-8AF5-798E7EFF4341}.Release|Any CPU.ActiveCfg = Release|Any CPU
		{0E6D49F7-7C49-4550-8AF5-798E7EFF4341}.Release|Any CPU.Build.0 = Release|Any CPU
	EndGlobalSection
	GlobalSection(SolutionProperties) = preSolution
		HideSolutionNode = FALSE
	EndGlobalSection
	GlobalSection(ExtensibilityGlobals) = postSolution
		SolutionGuid = {44BCC255-6893-4CA7-9B01-01EFCE47BBA0}
	EndGlobalSection
EndGlobal
